// !$*UTF8*$!
{
	archiveVersion = 1;
	classes = {
	};
	objectVersion = 56;
	objects = {

/* Begin PBXBuildFile section */
		74021B2728CA1729001BB571 /* AppDelegate.swift in Sources */ = {isa = PBXBuildFile; fileRef = 74021B2628CA1729001BB571 /* AppDelegate.swift */; };
		74021B2928CA1729001BB571 /* SceneDelegate.swift in Sources */ = {isa = PBXBuildFile; fileRef = 74021B2828CA1729001BB571 /* SceneDelegate.swift */; };
		74021B2E28CA1729001BB571 /* Main.storyboard in Resources */ = {isa = PBXBuildFile; fileRef = 74021B2C28CA1729001BB571 /* Main.storyboard */; };
		74021B3028CA172A001BB571 /* Assets.xcassets in Resources */ = {isa = PBXBuildFile; fileRef = 74021B2F28CA172A001BB571 /* Assets.xcassets */; };
		74021B3328CA172A001BB571 /* LaunchScreen.storyboard in Resources */ = {isa = PBXBuildFile; fileRef = 74021B3128CA172A001BB571 /* LaunchScreen.storyboard */; };
		74021B3E28CA1AA7001BB571 /* PersonModel.swift in Sources */ = {isa = PBXBuildFile; fileRef = 74021B3D28CA1AA7001BB571 /* PersonModel.swift */; };
		74021B4428CA263E001BB571 /* HumanTableViewController.swift in Sources */ = {isa = PBXBuildFile; fileRef = 74021B4328CA263E001BB571 /* HumanTableViewController.swift */; };
		74021B4628CA51C9001BB571 /* DataManager.swift in Sources */ = {isa = PBXBuildFile; fileRef = 74021B4528CA51C9001BB571 /* DataManager.swift */; };
		74C2D16A28CF6CD400EB69A5 /* HumanDetailViewController.swift in Sources */ = {isa = PBXBuildFile; fileRef = 74C2D16928CF6CD400EB69A5 /* HumanDetailViewController.swift */; };
/* End PBXBuildFile section */

/* Begin PBXFileReference section */
		74021B2328CA1729001BB571 /* Homework_tableView.app */ = {isa = PBXFileReference; explicitFileType = wrapper.application; includeInIndex = 0; path = Homework_tableView.app; sourceTree = BUILT_PRODUCTS_DIR; };
		74021B2628CA1729001BB571 /* AppDelegate.swift */ = {isa = PBXFileReference; lastKnownFileType = sourcecode.swift; path = AppDelegate.swift; sourceTree = "<group>"; };
		74021B2828CA1729001BB571 /* SceneDelegate.swift */ = {isa = PBXFileReference; lastKnownFileType = sourcecode.swift; path = SceneDelegate.swift; sourceTree = "<group>"; };
		74021B2D28CA1729001BB571 /* Base */ = {isa = PBXFileReference; lastKnownFileType = file.storyboard; name = Base; path = Base.lproj/Main.storyboard; sourceTree = "<group>"; };
		74021B2F28CA172A001BB571 /* Assets.xcassets */ = {isa = PBXFileReference; lastKnownFileType = folder.assetcatalog; path = Assets.xcassets; sourceTree = "<group>"; };
		74021B3228CA172A001BB571 /* Base */ = {isa = PBXFileReference; lastKnownFileType = file.storyboard; name = Base; path = Base.lproj/LaunchScreen.storyboard; sourceTree = "<group>"; };
		74021B3428CA172A001BB571 /* Info.plist */ = {isa = PBXFileReference; lastKnownFileType = text.plist.xml; path = Info.plist; sourceTree = "<group>"; };
		74021B3D28CA1AA7001BB571 /* PersonModel.swift */ = {isa = PBXFileReference; lastKnownFileType = sourcecode.swift; path = PersonModel.swift; sourceTree = "<group>"; };
		74021B4328CA263E001BB571 /* HumanTableViewController.swift */ = {isa = PBXFileReference; lastKnownFileType = sourcecode.swift; path = HumanTableViewController.swift; sourceTree = "<group>"; };
		74021B4528CA51C9001BB571 /* DataManager.swift */ = {isa = PBXFileReference; lastKnownFileType = sourcecode.swift; path = DataManager.swift; sourceTree = "<group>"; };
		74C2D16928CF6CD400EB69A5 /* HumanDetailViewController.swift */ = {isa = PBXFileReference; lastKnownFileType = sourcecode.swift; path = HumanDetailViewController.swift; sourceTree = "<group>"; };
/* End PBXFileReference section */

/* Begin PBXFrameworksBuildPhase section */
		74021B2028CA1729001BB571 /* Frameworks */ = {
			isa = PBXFrameworksBuildPhase;
			buildActionMask = 2147483647;
			files = (
			);
			runOnlyForDeploymentPostprocessing = 0;
		};
/* End PBXFrameworksBuildPhase section */

/* Begin PBXGroup section */
		74021B1A28CA1729001BB571 = {
			isa = PBXGroup;
			children = (
				74021B2528CA1729001BB571 /* Homework_tableView */,
				74021B2428CA1729001BB571 /* Products */,
			);
			sourceTree = "<group>";
		};
		74021B2428CA1729001BB571 /* Products */ = {
			isa = PBXGroup;
			children = (
				74021B2328CA1729001BB571 /* Homework_tableView.app */,
			);
			name = Products;
			sourceTree = "<group>";
		};
		74021B2528CA1729001BB571 /* Homework_tableView */ = {
			isa = PBXGroup;
			children = (
				74021B2628CA1729001BB571 /* AppDelegate.swift */,
				74021B2828CA1729001BB571 /* SceneDelegate.swift */,
				74021B3C28CA18F3001BB571 /* Models */,
				74021B3B28CA18ED001BB571 /* Controllers */,
				74021B3A28CA18E3001BB571 /* Views */,
				74021B2F28CA172A001BB571 /* Assets.xcassets */,
				74021B3128CA172A001BB571 /* LaunchScreen.storyboard */,
				74021B3428CA172A001BB571 /* Info.plist */,
			);
			path = Homework_tableView;
			sourceTree = "<group>";
		};
		74021B3A28CA18E3001BB571 /* Views */ = {
			isa = PBXGroup;
			children = (
				74021B2C28CA1729001BB571 /* Main.storyboard */,
			);
			path = Views;
			sourceTree = "<group>";
		};
		74021B3B28CA18ED001BB571 /* Controllers */ = {
			isa = PBXGroup;
			children = (
				74021B4328CA263E001BB571 /* HumanTableViewController.swift */,
				74C2D16928CF6CD400EB69A5 /* HumanDetailViewController.swift */,
			);
			path = Controllers;
			sourceTree = "<group>";
		};
		74021B3C28CA18F3001BB571 /* Models */ = {
			isa = PBXGroup;
			children = (
				74021B3D28CA1AA7001BB571 /* PersonModel.swift */,
				74021B4528CA51C9001BB571 /* DataManager.swift */,
			);
			path = Models;
			sourceTree = "<group>";
		};
/* End PBXGroup section */

/* Begin PBXNativeTarget section */
		74021B2228CA1729001BB571 /* Homework_tableView */ = {
			isa = PBXNativeTarget;
			buildConfigurationList = 74021B3728CA172A001BB571 /* Build configuration list for PBXNativeTarget "Homework_tableView" */;
			buildPhases = (
				74021B1F28CA1729001BB571 /* Sources */,
				74021B2028CA1729001BB571 /* Frameworks */,
				74021B2128CA1729001BB571 /* Resources */,
			);
			buildRules = (
			);
			dependencies = (
			);
			name = Homework_tableView;
			productName = Homework_tableView;
			productReference = 74021B2328CA1729001BB571 /* Homework_tableView.app */;
			productType = "com.apple.product-type.application";
		};
/* End PBXNativeTarget section */

/* Begin PBXProject section */
		74021B1B28CA1729001BB571 /* Project object */ = {
			isa = PBXProject;
			attributes = {
				BuildIndependentTargetsInParallel = 1;
				LastSwiftUpdateCheck = 1400;
				LastUpgradeCheck = 1400;
				TargetAttributes = {
					74021B2228CA1729001BB571 = {
						CreatedOnToolsVersion = 14.0;
					};
				};
			};
			buildConfigurationList = 74021B1E28CA1729001BB571 /* Build configuration list for PBXProject "Homework_tableView" */;
			compatibilityVersion = "Xcode 14.0";
			developmentRegion = en;
			hasScannedForEncodings = 0;
			knownRegions = (
				en,
				Base,
			);
			mainGroup = 74021B1A28CA1729001BB571;
			productRefGroup = 74021B2428CA1729001BB571 /* Products */;
			projectDirPath = "";
			projectRoot = "";
			targets = (
				74021B2228CA1729001BB571 /* Homework_tableView */,
			);
		};
/* End PBXProject section */

/* Begin PBXResourcesBuildPhase section */
		74021B2128CA1729001BB571 /* Resources */ = {
			isa = PBXResourcesBuildPhase;
			buildActionMask = 2147483647;
			files = (
				74021B3328CA172A001BB571 /* LaunchScreen.storyboard in Resources */,
				74021B3028CA172A001BB571 /* Assets.xcassets in Resources */,
				74021B2E28CA1729001BB571 /* Main.storyboard in Resources */,
			);
			runOnlyForDeploymentPostprocessing = 0;
		};
/* End PBXResourcesBuildPhase section */

/* Begin PBXSourcesBuildPhase section */
		74021B1F28CA1729001BB571 /* Sources */ = {
			isa = PBXSourcesBuildPhase;
			buildActionMask = 2147483647;
			files = (
				74021B3E28CA1AA7001BB571 /* PersonModel.swift in Sources */,
				74C2D16A28CF6CD400EB69A5 /* HumanDetailViewController.swift in Sources */,
				74021B4628CA51C9001BB571 /* DataManager.swift in Sources */,
				74021B2728CA1729001BB571 /* AppDelegate.swift in Sources */,
				74021B4428CA263E001BB571 /* HumanTableViewController.swift in Sources */,
				74021B2928CA1729001BB571 /* SceneDelegate.swift in Sources */,
			);
			runOnlyForDeploymentPostprocessing = 0;
		};
/* End PBXSourcesBuildPhase section */

/* Begin PBXVariantGroup section */
		74021B2C28CA1729001BB571 /* Main.storyboard */ = {
			isa = PBXVariantGroup;
			children = (
				74021B2D28CA1729001BB571 /* Base */,
			);
			name = Main.storyboard;
			sourceTree = "<group>";
		};
		74021B3128CA172A001BB571 /* LaunchScreen.storyboard */ = {
			isa = PBXVariantGroup;
			children = (
				74021B3228CA172A001BB571 /* Base */,
			);
			name = LaunchScreen.storyboard;
			sourceTree = "<group>";
		};
/* End PBXVariantGroup section */

/* Begin XCBuildConfiguration section */
		74021B3528CA172A001BB571 /* Debug */ = {
			isa = XCBuildConfiguration;
			buildSettings = {
				ALWAYS_SEARCH_USER_PATHS = NO;
				CLANG_ANALYZER_NONNULL = YES;
				CLANG_ANALYZER_NUMBER_OBJECT_CONVERSION = YES_AGGRESSIVE;
				CLANG_CXX_LANGUAGE_STANDARD = "gnu++20";
				CLANG_ENABLE_MODULES = YES;
				CLANG_ENABLE_OBJC_ARC = YES;
				CLANG_ENABLE_OBJC_WEAK = YES;
				CLANG_WARN_BLOCK_CAPTURE_AUTORELEASING = YES;
				CLANG_WARN_BOOL_CONVERSION = YES;
				CLANG_WARN_COMMA = YES;
				CLANG_WARN_CONSTANT_CONVERSION = YES;
				CLANG_WARN_DEPRECATED_OBJC_IMPLEMENTATIONS = YES;
				CLANG_WARN_DIRECT_OBJC_ISA_USAGE = YES_ERROR;
				CLANG_WARN_DOCUMENTATION_COMMENTS = YES;
				CLANG_WARN_EMPTY_BODY = YES;
				CLANG_WARN_ENUM_CONVERSION = YES;
				CLANG_WARN_INFINITE_RECURSION = YES;
				CLANG_WARN_INT_CONVERSION = YES;
				CLANG_WARN_NON_LITERAL_NULL_CONVERSION = YES;
				CLANG_WARN_OBJC_IMPLICIT_RETAIN_SELF = YES;
				CLANG_WARN_OBJC_LITERAL_CONVERSION = YES;
				CLANG_WARN_OBJC_ROOT_CLASS = YES_ERROR;
				CLANG_WARN_QUOTED_INCLUDE_IN_FRAMEWORK_HEADER = YES;
				CLANG_WARN_RANGE_LOOP_ANALYSIS = YES;
				CLANG_WARN_STRICT_PROTOTYPES = YES;
				CLANG_WARN_SUSPICIOUS_MOVE = YES;
				CLANG_WARN_UNGUARDED_AVAILABILITY = YES_AGGRESSIVE;
				CLANG_WARN_UNREACHABLE_CODE = YES;
				CLANG_WARN__DUPLICATE_METHOD_MATCH = YES;
				COPY_PHASE_STRIP = NO;
				DEBUG_INFORMATION_FORMAT = dwarf;
				ENABLE_STRICT_OBJC_MSGSEND = YES;
				ENABLE_TESTABILITY = YES;
				GCC_C_LANGUAGE_STANDARD = gnu11;
				GCC_DYNAMIC_NO_PIC = NO;
				GCC_NO_COMMON_BLOCKS = YES;
				GCC_OPTIMIZATION_LEVEL = 0;
				GCC_PREPROCESSOR_DEFINITIONS = (
					"DEBUG=1",
					"$(inherited)",
				);
				GCC_WARN_64_TO_32_BIT_CONVERSION = YES;
				GCC_WARN_ABOUT_RETURN_TYPE = YES_ERROR;
				GCC_WARN_UNDECLARED_SELECTOR = YES;
				GCC_WARN_UNINITIALIZED_AUTOS = YES_AGGRESSIVE;
				GCC_WARN_UNUSED_FUNCTION = YES;
				GCC_WARN_UNUSED_VARIABLE = YES;
				IPHONEOS_DEPLOYMENT_TARGET = 16.0;
				MTL_ENABLE_DEBUG_INFO = INCLUDE_SOURCE;
				MTL_FAST_MATH = YES;
				ONLY_ACTIVE_ARCH = YES;
				SDKROOT = iphoneos;
				SWIFT_ACTIVE_COMPILATION_CONDITIONS = DEBUG;
				SWIFT_OPTIMIZATION_LEVEL = "-Onone";
			};
			name = Debug;
		};
		74021B3628CA172A001BB571 /* Release */ = {
			isa = XCBuildConfiguration;
			buildSettings = {
				ALWAYS_SEARCH_USER_PATHS = NO;
				CLANG_ANALYZER_NONNULL = YES;
				CLANG_ANALYZER_NUMBER_OBJECT_CONVERSION = YES_AGGRESSIVE;
				CLANG_CXX_LANGUAGE_STANDARD = "gnu++20";
				CLANG_ENABLE_MODULES = YES;
				CLANG_ENABLE_OBJC_ARC = YES;
				CLANG_ENABLE_OBJC_WEAK = YES;
				CLANG_WARN_BLOCK_CAPTURE_AUTORELEASING = YES;
				CLANG_WARN_BOOL_CONVERSION = YES;
				CLANG_WARN_COMMA = YES;
				CLANG_WARN_CONSTANT_CONVERSION = YES;
				CLANG_WARN_DEPRECATED_OBJC_IMPLEMENTATIONS = YES;
				CLANG_WARN_DIRECT_OBJC_ISA_USAGE = YES_ERROR;
				CLANG_WARN_DOCUMENTATION_COMMENTS = YES;
				CLANG_WARN_EMPTY_BODY = YES;
				CLANG_WARN_ENUM_CONVERSION = YES;
				CLANG_WARN_INFINITE_RECURSION = YES;
				CLANG_WARN_INT_CONVERSION = YES;
				CLANG_WARN_NON_LITERAL_NULL_CONVERSION = YES;
				CLANG_WARN_OBJC_IMPLICIT_RETAIN_SELF = YES;
				CLANG_WARN_OBJC_LITERAL_CONVERSION = YES;
				CLANG_WARN_OBJC_ROOT_CLASS = YES_ERROR;
				CLANG_WARN_QUOTED_INCLUDE_IN_FRAMEWORK_HEADER = YES;
				CLANG_WARN_RANGE_LOOP_ANALYSIS = YES;
				CLANG_WARN_STRICT_PROTOTYPES = YES;
				CLANG_WARN_SUSPICIOUS_MOVE = YES;
				CLANG_WARN_UNGUARDED_AVAILABILITY = YES_AGGRESSIVE;
				CLANG_WARN_UNREACHABLE_CODE = YES;
				CLANG_WARN__DUPLICATE_METHOD_MATCH = YES;
				COPY_PHASE_STRIP = NO;
				DEBUG_INFORMATION_FORMAT = "dwarf-with-dsym";
				ENABLE_NS_ASSERTIONS = NO;
				ENABLE_STRICT_OBJC_MSGSEND = YES;
				GCC_C_LANGUAGE_STANDARD = gnu11;
				GCC_NO_COMMON_BLOCKS = YES;
				GCC_WARN_64_TO_32_BIT_CONVERSION = YES;
				GCC_WARN_ABOUT_RETURN_TYPE = YES_ERROR;
				GCC_WARN_UNDECLARED_SELECTOR = YES;
				GCC_WARN_UNINITIALIZED_AUTOS = YES_AGGRESSIVE;
				GCC_WARN_UNUSED_FUNCTION = YES;
				GCC_WARN_UNUSED_VARIABLE = YES;
				IPHONEOS_DEPLOYMENT_TARGET = 16.0;
				MTL_ENABLE_DEBUG_INFO = NO;
				MTL_FAST_MATH = YES;
				SDKROOT = iphoneos;
				SWIFT_COMPILATION_MODE = wholemodule;
				SWIFT_OPTIMIZATION_LEVEL = "-O";
				VALIDATE_PRODUCT = YES;
			};
			name = Release;
		};
		74021B3828CA172A001BB571 /* Debug */ = {
			isa = XCBuildConfiguration;
			buildSettings = {
				ASSETCATALOG_COMPILER_APPICON_NAME = AppIcon;
				ASSETCATALOG_COMPILER_GLOBAL_ACCENT_COLOR_NAME = AccentColor;
				CODE_SIGN_STYLE = Automatic;
				CURRENT_PROJECT_VERSION = 1;
				DEVELOPMENT_TEAM = PTXD49XJ9U;
				GENERATE_INFOPLIST_FILE = YES;
				INFOPLIST_FILE = Homework_tableView/Info.plist;
				INFOPLIST_KEY_UIApplicationSupportsIndirectInputEvents = YES;
				INFOPLIST_KEY_UILaunchStoryboardName = LaunchScreen;
				INFOPLIST_KEY_UIMainStoryboardFile = Main;
				INFOPLIST_KEY_UISupportedInterfaceOrientations_iPad = "UIInterfaceOrientationPortrait UIInterfaceOrientationPortraitUpsideDown UIInterfaceOrientationLandscapeLeft UIInterfaceOrientationLandscapeRight";
				INFOPLIST_KEY_UISupportedInterfaceOrientations_iPhone = "UIInterfaceOrientationPortrait UIInterfaceOrientationLandscapeLeft UIInterfaceOrientationLandscapeRight";
				LD_RUNPATH_SEARCH_PATHS = (
					"$(inherited)",
					"@executable_path/Frameworks",
				);
				MARKETING_VERSION = 1.0;
				PRODUCT_BUNDLE_IDENTIFIER = "com.Foxyo.Homework-tableView";
				PRODUCT_NAME = "$(TARGET_NAME)";
				SWIFT_EMIT_LOC_STRINGS = YES;
				SWIFT_VERSION = 5.0;
				TARGETED_DEVICE_FAMILY = "1,2";
			};
			name = Debug;
		};
		74021B3928CA172A001BB571 /* Release */ = {
			isa = XCBuildConfiguration;
			buildSettings = {
				ASSETCATALOG_COMPILER_APPICON_NAME = AppIcon;
				ASSETCATALOG_COMPILER_GLOBAL_ACCENT_COLOR_NAME = AccentColor;
				CODE_SIGN_STYLE = Automatic;
				CURRENT_PROJECT_VERSION = 1;
				DEVELOPMENT_TEAM = PTXD49XJ9U;
				GENERATE_INFOPLIST_FILE = YES;
				INFOPLIST_FILE = Homework_tableView/Info.plist;
				INFOPLIST_KEY_UIApplicationSupportsIndirectInputEvents = YES;
				INFOPLIST_KEY_UILaunchStoryboardName = LaunchScreen;
				INFOPLIST_KEY_UIMainStoryboardFile = Main;
				INFOPLIST_KEY_UISupportedInterfaceOrientations_iPad = "UIInterfaceOrientationPortrait UIInterfaceOrientationPortraitUpsideDown UIInterfaceOrientationLandscapeLeft UIInterfaceOrientationLandscapeRight";
				INFOPLIST_KEY_UISupportedInterfaceOrientations_iPhone = "UIInterfaceOrientationPortrait UIInterfaceOrientationLandscapeLeft UIInterfaceOrientationLandscapeRight";
				LD_RUNPATH_SEARCH_PATHS = (
					"$(inherited)",
					"@executable_path/Frameworks",
				);
				MARKETING_VERSION = 1.0;
				PRODUCT_BUNDLE_IDENTIFIER = "com.Foxyo.Homework-tableView";
				PRODUCT_NAME = "$(TARGET_NAME)";
				SWIFT_EMIT_LOC_STRINGS = YES;
				SWIFT_VERSION = 5.0;
				TARGETED_DEVICE_FAMILY = "1,2";
			};
			name = Release;
		};
/* End XCBuildConfiguration section */

/* Begin XCConfigurationList section */
		74021B1E28CA1729001BB571 /* Build configuration list for PBXProject "Homework_tableView" */ = {
			isa = XCConfigurationList;
			buildConfigurations = (
				74021B3528CA172A001BB571 /* Debug */,
				74021B3628CA172A001BB571 /* Release */,
			);
			defaultConfigurationIsVisible = 0;
			defaultConfigurationName = Release;
		};
		74021B3728CA172A001BB571 /* Build configuration list for PBXNativeTarget "Homework_tableView" */ = {
			isa = XCConfigurationList;
			buildConfigurations = (
				74021B3828CA172A001BB571 /* Debug */,
				74021B3928CA172A001BB571 /* Release */,
			);
			defaultConfigurationIsVisible = 0;
			defaultConfigurationName = Release;
		};
/* End XCConfigurationList section */
	};
	rootObject = 74021B1B28CA1729001BB571 /* Project object */;
}
